<?xml version="1.0" encoding="utf-8"?>
<Project ToolsVersion="4.0" xmlns="http://schemas.microsoft.com/developer/msbuild/2003">
  <ItemGroup>
    <ClCompile Include="..\SRC\Main.cpp" />
    <ClCompile Include="..\SRC\MainWindow.cpp" />
    <ClCompile Include="..\SRC\SortAndSearch.cpp" />
  </ItemGroup>
  <ItemGroup>
    <ClInclude Include="..\SRC\Annotation.h" />
    <ClInclude Include="..\SRC\AnnotationFile.h" />
    <ClInclude Include="..\SRC\GlobalImageList.h" />
    <ClInclude Include="..\SRC\GUI.h" />
    <ClInclude Include="..\SRC\ImageData.h" />
    <ClInclude Include="..\SRC\ImageFile.h" />
    <ClInclude Include="..\SRC\MainWindow.h" />
    <ClInclude Include="..\SRC\SortAndSearch.h" />
  </ItemGroup>
  <ItemGroup>
    <EmbeddedResource Include="..\SRC\MainWindow.resx" />
  </ItemGroup>
</Project>